
Microsoft Visual Studio Solution File, Format Version 12.00
# Visual Studio Version 17
VisualStudioVersion = 17.0.31903.59
MinimumVisualStudioVersion = 10.0.40219.1
Project("{FAE04EC0-301F-11D3-BF4B-00C04F79EFBC}") = "1.FirstProject", "1.FirstProject\1.FirstProject.csproj", "{302C14B0-B8F5-436F-9082-F5003CC16ED8}"
EndProject
Project("{FAE04EC0-301F-11D3-BF4B-00C04F79EFBC}") = "2.ImplementRazor", "2.ImplementRazor\2.ImplementRazor.csproj", "{77AD276D-731D-43F9-8139-823114739CCD}"
EndProject
Global
	GlobalSection(SolutionConfigurationPlatforms) = preSolution
		Debug|Any CPU = Debug|Any CPU
		Release|Any CPU = Release|Any CPU
	EndGlobalSection
	GlobalSection(SolutionProperties) = preSolution
		HideSolutionNode = FALSE
	EndGlobalSection
	GlobalSection(ProjectConfigurationPlatforms) = postSolution
		{302C14B0-B8F5-436F-9082-F5003CC16ED8}.Debug|Any CPU.ActiveCfg = Debug|Any CPU
		{302C14B0-B8F5-436F-9082-F5003CC16ED8}.Debug|Any CPU.Build.0 = Debug|Any CPU
		{302C14B0-B8F5-436F-9082-F5003CC16ED8}.Release|Any CPU.ActiveCfg = Release|Any CPU
		{302C14B0-B8F5-436F-9082-F5003CC16ED8}.Release|Any CPU.Build.0 = Release|Any CPU
		{77AD276D-731D-43F9-8139-823114739CCD}.Debug|Any CPU.ActiveCfg = Debug|Any CPU
		{77AD276D-731D-43F9-8139-823114739CCD}.Debug|Any CPU.Build.0 = Debug|Any CPU
		{77AD276D-731D-43F9-8139-823114739CCD}.Release|Any CPU.ActiveCfg = Release|Any CPU
		{77AD276D-731D-43F9-8139-823114739CCD}.Release|Any CPU.Build.0 = Release|Any CPU
	EndGlobalSection
EndGlobal
